<?xml version="1.0" encoding="utf-8"?>
<Project ToolsVersion="4.0" xmlns="http://schemas.microsoft.com/developer/msbuild/2003">
  <ItemGroup>
    <ClCompile Include="bdd.cxx">
      <Filter>Source Files</Filter>
    </ClCompile>
    <ClCompile Include="bdd_ddi.cxx">
      <Filter>Source Files</Filter>
    </ClCompile>
    <ClCompile Include="bdd_dmm.cxx">
      <Filter>Source Files</Filter>
    </ClCompile>
    <ClCompile Include="bdd_util.cxx">
      <Filter>Source Files</Filter>
    </ClCompile>
    <ClCompile Include="bltfuncs.cxx">
      <Filter>Source Files</Filter>
    </ClCompile>
    <ClCompile Include="blthw.cxx">
      <Filter>Source Files</Filter>
    </ClCompile>
    <ClCompile Include="memory.cxx">
      <Filter>Source Files</Filter>
    </ClCompile>
  </ItemGroup>
  <ItemGroup>
    <ClInclude Include="bdd.hxx">
      <Filter>Header Files</Filter>
    </ClInclude>
    <ClInclude Include="bdd_errorlog.hxx">
      <Filter>Header Files</Filter>
    </ClInclude>
    <ClInclude Include="xenvesa_defs.h">
      <Filter>Header Files</Filter>
    </ClInclude>
    <ClInclude Include="xengfx_regs.h">
      <Filter>Header Files</Filter>
    </ClInclude>
    <ClInclude Include="xengfx_shared.h">
      <Filter>Header Files</Filter>
    </ClInclude>
  </ItemGroup>
  <ItemGroup>
    <None Include="sources" />
    <None Include="sources.inc" />
    <None Include="sources.inc.props" />
    <None Include="sources.props" />
  </ItemGroup>
  <ItemGroup>
    <Filter Include="Source Files">
      <UniqueIdentifier>{e4d353df-37f6-4fbe-a04d-beaab955ac10}</UniqueIdentifier>
      <Extensions>cpp;c;cc;cxx;def;odl;idl;hpj;bat;asm;asmx</Extensions>
    </Filter>
    <Filter Include="Header Files">
      <UniqueIdentifier>{1f8fa2c9-a2f6-4968-b2b4-c2b5cd1ecf19}</UniqueIdentifier>
      <Extensions>h;hpp;hxx;hm;inl;inc;xsd</Extensions>
    </Filter>
    <Filter Include="Resource Files">
      <UniqueIdentifier>{8b871b79-2a18-4aa3-a873-5fc7ce5d5427}</UniqueIdentifier>
      <Extensions>rc;ico;cur;bmp;dlg;rc2;rct;bin;rgs;gif;jpg;jpeg;jpe;resx;tiff;tif;png;wav</Extensions>
    </Filter>
  </ItemGroup>
  <ItemGroup>
    <ResourceCompile Include="xenVesaDO.rc">
      <Filter>Resource Files</Filter>
    </ResourceCompile>
  </ItemGroup>
  <ItemGroup>
    <Inf Include="xenvesado.inf" />
  </ItemGroup>
</Project>